version = 1

[[packages]]
name = "csv"
version = "0.1.0"
source = "path+/home/tplayer/Applications/wow/Interface/AddOns/BetterQuest/scripts_sev/../../../../../../Documents/Severian/library/csv"

[[packages]]
name = "data"
version = "0.1.0"
source = "path+/home/tplayer/Documents/Severian/library/csv/../data"

[[packages]]
name = "file"
version = "0.1.0"
source = "path+/home/tplayer/Applications/wow/Interface/AddOns/BetterQuest/scripts_sev/../../../../../../Documents/Severian/library/file"

[[packages]]
name = "hash"
version = "0.1.0"
source = "path+/home/tplayer/Applications/wow/Interface/AddOns/BetterQuest/scripts_sev/../../../../../../Documents/Severian/library/hash"

[[packages]]
name = "json"
version = "0.1.0"
source = "path+/home/tplayer/Documents/Severian/library/file/../json"

[[packages]]
name = "math"
version = "0.1.0"
source = "path+/home/tplayer/Applications/wow/Interface/AddOns/BetterQuest/scripts_sev/../../../../../../Documents/Severian/library/math"

[[packages]]
name = "model.speech"
version = "0.1.0"
source = "path+/home/tplayer/Applications/wow/Interface/AddOns/BetterQuest/scripts_sev/../../../../../../Documents/Severian/library/model/speech"

[[packages]]
name = "mysql"
version = "0.1.0"
source = "path+/home/tplayer/Applications/wow/Interface/AddOns/BetterQuest/scripts_sev/../../../../../../Documents/Severian/library/mysql"

[[packages]]
name = "os"
version = "0.1.0"
source = "path+/home/tplayer/Applications/wow/Interface/AddOns/BetterQuest/scripts_sev/../../../../../../Documents/Severian/library/os"

[[packages]]
name = "path"
version = "0.1.0"
source = "path+/home/tplayer/Applications/wow/Interface/AddOns/BetterQuest/scripts_sev/../../../../../../Documents/Severian/library/path"

[[packages]]
name = "platform"
version = "0.1.0"
source = "path+/home/tplayer/Documents/Severian/library/data/../platform"

[[packages]]
name = "process"
version = "0.1.0"
source = "path+/home/tplayer/Applications/wow/Interface/AddOns/BetterQuest/scripts_sev/../../../../../../Documents/Severian/library/process"

[[packages]]
name = "random"
version = "0.1.0"
source = "path+/home/tplayer/Documents/Severian/library/model/speech/../../random"

[[packages]]
name = "regex"
version = "0.1.0"
source = "path+/home/tplayer/Applications/wow/Interface/AddOns/BetterQuest/scripts_sev/../../../../../../Documents/Severian/library/regex"

[[packages]]
name = "time"
version = "0.1.0"
source = "path+/home/tplayer/Applications/wow/Interface/AddOns/BetterQuest/scripts_sev/../../../../../../Documents/Severian/library/time"

[[packages]]
name = "yaml"
version = "0.1.0"
source = "path+/home/tplayer/Documents/Severian/library/file/../yaml"
